
Microsoft Visual Studio Solution File, Format Version 12.00
# Visual Studio Version 17
VisualStudioVersion = 17.13.35931.197
MinimumVisualStudioVersion = 10.0.40219.1
Project("{FAE04EC0-301F-11D3-BF4B-00C04F79EFBC}") = "Pincred.Template.Api", "Pincred.Template.Api\Pincred.Template.Api.csproj", "{FFA28B5E-A44C-4387-9046-59B2F4F735BC}"
EndProject
Project("{FAE04EC0-301F-11D3-BF4B-00C04F79EFBC}") = "Pincred.Template.Data", "Pincred.Template.Data\Pincred.Template.Data.csproj", "{C3A396AC-4C80-433B-9E37-368EC71628AD}"
EndProject
Project("{FAE04EC0-301F-11D3-BF4B-00C04F79EFBC}") = "Pincred.Template.Domain", "Pincred.Template.Domain\Pincred.Template.Domain.csproj", "{623011D8-4341-4E22-AD55-5847B962CC19}"
EndProject
Project("{FAE04EC0-301F-11D3-BF4B-00C04F79EFBC}") = "Pincred.Template.Service", "Pincred.Template.Service\Pincred.Template.Service.csproj", "{5543C89E-4B9F-411E-8FC2-FCF525A6DCE3}"
EndProject
Project("{FAE04EC0-301F-11D3-BF4B-00C04F79EFBC}") = "Pincred.Template.Tests", "Pincred.Template.Tests\Pincred.Template.Tests.csproj", "{79BD7C33-CD92-4F46-BCC4-36155AA817FF}"
EndProject
Global
	GlobalSection(SolutionConfigurationPlatforms) = preSolution
		Debug|Any CPU = Debug|Any CPU
		Release|Any CPU = Release|Any CPU
	EndGlobalSection
	GlobalSection(ProjectConfigurationPlatforms) = postSolution
		{FFA28B5E-A44C-4387-9046-59B2F4F735BC}.Debug|Any CPU.ActiveCfg = Debug|Any CPU
		{FFA28B5E-A44C-4387-9046-59B2F4F735BC}.Debug|Any CPU.Build.0 = Debug|Any CPU
		{FFA28B5E-A44C-4387-9046-59B2F4F735BC}.Release|Any CPU.ActiveCfg = Release|Any CPU
		{FFA28B5E-A44C-4387-9046-59B2F4F735BC}.Release|Any CPU.Build.0 = Release|Any CPU
		{C3A396AC-4C80-433B-9E37-368EC71628AD}.Debug|Any CPU.ActiveCfg = Debug|Any CPU
		{C3A396AC-4C80-433B-9E37-368EC71628AD}.Debug|Any CPU.Build.0 = Debug|Any CPU
		{C3A396AC-4C80-433B-9E37-368EC71628AD}.Release|Any CPU.ActiveCfg = Release|Any CPU
		{C3A396AC-4C80-433B-9E37-368EC71628AD}.Release|Any CPU.Build.0 = Release|Any CPU
		{623011D8-4341-4E22-AD55-5847B962CC19}.Debug|Any CPU.ActiveCfg = Debug|Any CPU
		{623011D8-4341-4E22-AD55-5847B962CC19}.Debug|Any CPU.Build.0 = Debug|Any CPU
		{623011D8-4341-4E22-AD55-5847B962CC19}.Release|Any CPU.ActiveCfg = Release|Any CPU
		{623011D8-4341-4E22-AD55-5847B962CC19}.Release|Any CPU.Build.0 = Release|Any CPU
		{5543C89E-4B9F-411E-8FC2-FCF525A6DCE3}.Debug|Any CPU.ActiveCfg = Debug|Any CPU
		{5543C89E-4B9F-411E-8FC2-FCF525A6DCE3}.Debug|Any CPU.Build.0 = Debug|Any CPU
		{5543C89E-4B9F-411E-8FC2-FCF525A6DCE3}.Release|Any CPU.ActiveCfg = Release|Any CPU
		{5543C89E-4B9F-411E-8FC2-FCF525A6DCE3}.Release|Any CPU.Build.0 = Release|Any CPU
		{79BD7C33-CD92-4F46-BCC4-36155AA817FF}.Debug|Any CPU.ActiveCfg = Debug|Any CPU
		{79BD7C33-CD92-4F46-BCC4-36155AA817FF}.Debug|Any CPU.Build.0 = Debug|Any CPU
		{79BD7C33-CD92-4F46-BCC4-36155AA817FF}.Release|Any CPU.ActiveCfg = Release|Any CPU
		{79BD7C33-CD92-4F46-BCC4-36155AA817FF}.Release|Any CPU.Build.0 = Release|Any CPU
	EndGlobalSection
	GlobalSection(SolutionProperties) = preSolution
		HideSolutionNode = FALSE
	EndGlobalSection
	GlobalSection(ExtensibilityGlobals) = postSolution
		SolutionGuid = {CC1AAA7A-9367-4B63-9657-587B8B5E6BCE}
	EndGlobalSection
EndGlobal
